
Microsoft Visual Studio Solution File, Format Version 12.00
# Visual Studio 15
VisualStudioVersion = 15.0.28307.902
MinimumVisualStudioVersion = 10.0.40219.1
Project("{FAE04EC0-301F-11D3-BF4B-00C04F79EFBC}") = "Client", "Client\Client.csproj", "{A6BA6FC4-E81D-4ECF-BCDD-2ACB21AE6524}"
EndProject
Global
	GlobalSection(SolutionConfigurationPlatforms) = preSolution
		Debug|Any CPU = Debug|Any CPU
		Release|Any CPU = Release|Any CPU
	EndGlobalSection
	GlobalSection(ProjectConfigurationPlatforms) = postSolution
		{A6BA6FC4-E81D-4ECF-BCDD-2ACB21AE6524}.Debug|Any CPU.ActiveCfg = Debug|Any CPU
		{A6BA6FC4-E81D-4ECF-BCDD-2ACB21AE6524}.Debug|Any CPU.Build.0 = Debug|Any CPU
		{A6BA6FC4-E81D-4ECF-BCDD-2ACB21AE6524}.Release|Any CPU.ActiveCfg = Release|Any CPU
		{A6BA6FC4-E81D-4ECF-BCDD-2ACB21AE6524}.Release|Any CPU.Build.0 = Release|Any CPU
	EndGlobalSection
	GlobalSection(SolutionProperties) = preSolution
		HideSolutionNode = FALSE
	EndGlobalSection
	GlobalSection(ExtensibilityGlobals) = postSolution
		SolutionGuid = {DEFEA284-18EC-4549-A4E9-C05FD20BEB6E}
	EndGlobalSection
EndGlobal
