
Microsoft Visual Studio Solution File, Format Version 12.00
# Visual Studio 15
VisualStudioVersion = 15.0.28307.902
MinimumVisualStudioVersion = 10.0.40219.1
Project("{FAE04EC0-301F-11D3-BF4B-00C04F79EFBC}") = "Server", "Server\Server.csproj", "{BAC6CA73-2204-465A-9EC3-A096F06F7818}"
EndProject
Global
	GlobalSection(SolutionConfigurationPlatforms) = preSolution
		Debug|Any CPU = Debug|Any CPU
		Release|Any CPU = Release|Any CPU
	EndGlobalSection
	GlobalSection(ProjectConfigurationPlatforms) = postSolution
		{BAC6CA73-2204-465A-9EC3-A096F06F7818}.Debug|Any CPU.ActiveCfg = Debug|Any CPU
		{BAC6CA73-2204-465A-9EC3-A096F06F7818}.Debug|Any CPU.Build.0 = Debug|Any CPU
		{BAC6CA73-2204-465A-9EC3-A096F06F7818}.Release|Any CPU.ActiveCfg = Release|Any CPU
		{BAC6CA73-2204-465A-9EC3-A096F06F7818}.Release|Any CPU.Build.0 = Release|Any CPU
	EndGlobalSection
	GlobalSection(SolutionProperties) = preSolution
		HideSolutionNode = FALSE
	EndGlobalSection
	GlobalSection(ExtensibilityGlobals) = postSolution
		SolutionGuid = {25B61A51-1BC1-4F04-8E53-4C8CECB16F60}
	EndGlobalSection
EndGlobal
